# @generated by Move, please check-in and do not edit manually.

[move]
version = 3
manifest_digest = "AB2BAEAE86E8BC502565A8CF08AA8C18095A7AD3D6E964E0702E4FE06C802E39"
deps_digest = "F8BBB0CCB2491CA29A3DF03D6F92277A4F3574266507ACD77214D37ECA3F3082"
dependencies = [
  { id = "Sui", name = "Sui" },
]

[[move.package]]
id = "MoveStdlib"
source = { git = "https://github.com/MystenLabs/sui.git", rev = "framework/testnet", subdir = "crates/sui-framework/packages/move-stdlib" }

[[move.package]]
id = "Sui"
source = { git = "https://github.com/MystenLabs/sui.git", rev = "framework/testnet", subdir = "crates/sui-framework/packages/sui-framework" }

dependencies = [
  { id = "MoveStdlib", name = "MoveStdlib" },
]

[move.toolchain-version]
compiler-version = "1.60.0"
edition = "2024.beta"
flavor = "sui"

[env]

[env.devnet]
chain-id = "cffbbc89"
original-published-id = "0x2889a7edbe8687ccf2fe4684a41f38b371c0423dfa280dfb0f1dfd7ddf71a70e"
latest-published-id = "0x2889a7edbe8687ccf2fe4684a41f38b371c0423dfa280dfb0f1dfd7ddf71a70e"
published-version = "1"

[env.testnet]
chain-id = "4c78adac"
original-published-id = "0x4d105e317fae9c83ea97d317b02a8e29d3bffe563a4c5ef76584c15a2cfc26ea"
latest-published-id = "0x4d105e317fae9c83ea97d317b02a8e29d3bffe563a4c5ef76584c15a2cfc26ea"
published-version = "1"
